
Microsoft Visual Studio Solution File, Format Version 12.00
# Visual Studio Version 17
VisualStudioVersion = 17.6.33829.357
MinimumVisualStudioVersion = 10.0.40219.1
Project("{FAE04EC0-301F-11D3-BF4B-00C04F79EFBC}") = "OrganizationProfile", "OrganizationProfile\OrganizationProfile.csproj", "{C637435D-0F94-47A7-BADA-3E62335EC4CE}"
EndProject
Global
	GlobalSection(SolutionConfigurationPlatforms) = preSolution
		Debug|Any CPU = Debug|Any CPU
		Release|Any CPU = Release|Any CPU
	EndGlobalSection
	GlobalSection(ProjectConfigurationPlatforms) = postSolution
		{C637435D-0F94-47A7-BADA-3E62335EC4CE}.Debug|Any CPU.ActiveCfg = Debug|Any CPU
		{C637435D-0F94-47A7-BADA-3E62335EC4CE}.Debug|Any CPU.Build.0 = Debug|Any CPU
		{C637435D-0F94-47A7-BADA-3E62335EC4CE}.Release|Any CPU.ActiveCfg = Release|Any CPU
		{C637435D-0F94-47A7-BADA-3E62335EC4CE}.Release|Any CPU.Build.0 = Release|Any CPU
	EndGlobalSection
	GlobalSection(SolutionProperties) = preSolution
		HideSolutionNode = FALSE
	EndGlobalSection
	GlobalSection(ExtensibilityGlobals) = postSolution
		SolutionGuid = {3612CDB6-9DF2-4EB8-B8A2-FFEA4B468A43}
	EndGlobalSection
EndGlobal
